
Microsoft Visual Studio Solution File, Format Version 12.00
# Visual Studio Version 17
VisualStudioVersion = 17.11.35219.272
MinimumVisualStudioVersion = 10.0.40219.1
Project("{FAE04EC0-301F-11D3-BF4B-00C04F79EFBC}") = "CSharpTutorial", "CSharpTutorial.csproj", "{80EE5979-FD3B-4849-8F40-6F9B3D318C6E}"
EndProject
Global
	GlobalSection(SolutionConfigurationPlatforms) = preSolution
		Debug|Any CPU = Debug|Any CPU
		Release|Any CPU = Release|Any CPU
	EndGlobalSection
	GlobalSection(ProjectConfigurationPlatforms) = postSolution
		{80EE5979-FD3B-4849-8F40-6F9B3D318C6E}.Debug|Any CPU.ActiveCfg = Debug|Any CPU
		{80EE5979-FD3B-4849-8F40-6F9B3D318C6E}.Debug|Any CPU.Build.0 = Debug|Any CPU
		{80EE5979-FD3B-4849-8F40-6F9B3D318C6E}.Release|Any CPU.ActiveCfg = Release|Any CPU
		{80EE5979-FD3B-4849-8F40-6F9B3D318C6E}.Release|Any CPU.Build.0 = Release|Any CPU
	EndGlobalSection
	GlobalSection(SolutionProperties) = preSolution
		HideSolutionNode = FALSE
	EndGlobalSection
	GlobalSection(ExtensibilityGlobals) = postSolution
		SolutionGuid = {A4E6527C-099E-426C-A917-7FFADEF6454F}
	EndGlobalSection
EndGlobal
